
Microsoft Visual Studio Solution File, Format Version 12.00
# Visual Studio Version 17
VisualStudioVersion = 17.11.35219.272
MinimumVisualStudioVersion = 10.0.40219.1
Project("{FAE04EC0-301F-11D3-BF4B-00C04F79EFBC}") = "ECom_API", "ECom_API.csproj", "{5BC8019B-879D-4BF8-8548-2351B5775306}"
EndProject
Global
	GlobalSection(SolutionConfigurationPlatforms) = preSolution
		Debug|Any CPU = Debug|Any CPU
		Release|Any CPU = Release|Any CPU
	EndGlobalSection
	GlobalSection(ProjectConfigurationPlatforms) = postSolution
		{5BC8019B-879D-4BF8-8548-2351B5775306}.Debug|Any CPU.ActiveCfg = Debug|Any CPU
		{5BC8019B-879D-4BF8-8548-2351B5775306}.Debug|Any CPU.Build.0 = Debug|Any CPU
		{5BC8019B-879D-4BF8-8548-2351B5775306}.Release|Any CPU.ActiveCfg = Release|Any CPU
		{5BC8019B-879D-4BF8-8548-2351B5775306}.Release|Any CPU.Build.0 = Release|Any CPU
	EndGlobalSection
	GlobalSection(SolutionProperties) = preSolution
		HideSolutionNode = FALSE
	EndGlobalSection
	GlobalSection(ExtensibilityGlobals) = postSolution
		SolutionGuid = {40B7AB4E-8679-4203-A3E5-F94A75BBE046}
	EndGlobalSection
EndGlobal
